
Microsoft Visual Studio Solution File, Format Version 12.00
# Visual Studio Version 17
VisualStudioVersion = 17.9.34622.214
MinimumVisualStudioVersion = 10.0.40219.1
Project("{FAE04EC0-301F-11D3-BF4B-00C04F79EFBC}") = "weatherapp_vswpf", "weatherapp_vswpf\weatherapp_vswpf.csproj", "{8658EA30-9F59-4525-B079-B5059E1026B8}"
EndProject
Global
	GlobalSection(SolutionConfigurationPlatforms) = preSolution
		Debug|Any CPU = Debug|Any CPU
		Release|Any CPU = Release|Any CPU
	EndGlobalSection
	GlobalSection(ProjectConfigurationPlatforms) = postSolution
		{8658EA30-9F59-4525-B079-B5059E1026B8}.Debug|Any CPU.ActiveCfg = Debug|Any CPU
		{8658EA30-9F59-4525-B079-B5059E1026B8}.Debug|Any CPU.Build.0 = Debug|Any CPU
		{8658EA30-9F59-4525-B079-B5059E1026B8}.Release|Any CPU.ActiveCfg = Release|Any CPU
		{8658EA30-9F59-4525-B079-B5059E1026B8}.Release|Any CPU.Build.0 = Release|Any CPU
	EndGlobalSection
	GlobalSection(SolutionProperties) = preSolution
		HideSolutionNode = FALSE
	EndGlobalSection
	GlobalSection(ExtensibilityGlobals) = postSolution
		SolutionGuid = {40316F4D-D95F-4E37-898B-A11288E460FD}
	EndGlobalSection
EndGlobal
